{
    "version": 3,
    "terraform_version": "0.11.3",
    "serial": 3,
    "lineage": "d43b668f-2454-49c4-8bbf-b9521e8e218f",
    "modules": [
        {
            "path": [
                "root"
            ],
            "outputs": {},
            "resources": {
                "aws_instance.sample-instance": {
                    "type": "aws_instance",
                    "depends_on": [],
                    "primary": {
                        "id": "i-073ff34c2bdb9366d",
                        "attributes": {
                            "ami": "ami-0b1e356e",
                            "associate_public_ip_address": "true",
                            "availability_zone": "us-east-2c",
                            "disable_api_termination": "false",
                            "ebs_block_device.#": "0",
                            "ebs_optimized": "false",
                            "ephemeral_block_device.#": "0",
                            "iam_instance_profile": "",
                            "id": "i-073ff34c2bdb9366d",
                            "instance_state": "running",
                            "instance_type": "t2.micro",
                            "ipv6_addresses.#": "0",
                            "key_name": "",
                            "monitoring": "false",
                            "network_interface.#": "0",
                            "network_interface_id": "eni-969c91bd",
                            "placement_group": "",
                            "primary_network_interface_id": "eni-969c91bd",
                            "private_dns": "ip-172-31-41-24.us-east-2.compute.internal",
                            "private_ip": "172.31.41.24",
                            "public_dns": "ec2-18-216-183-155.us-east-2.compute.amazonaws.com",
                            "public_ip": "18.216.183.155",
                            "root_block_device.#": "1",
                            "root_block_device.0.delete_on_termination": "true",
                            "root_block_device.0.iops": "100",
                            "root_block_device.0.volume_id": "vol-0d315652496c19515",
                            "root_block_device.0.volume_size": "10",
                            "root_block_device.0.volume_type": "gp2",
                            "security_groups.#": "1",
                            "security_groups.3814588639": "default",
                            "source_dest_check": "true",
                            "subnet_id": "subnet-1ab20957",
                            "tags.%": "1",
                            "tags.Name": "sample-instance",
                            "tenancy": "default",
                            "volume_tags.%": "0",
                            "vpc_security_group_ids.#": "1",
                            "vpc_security_group_ids.3852263796": "sg-a01dbac8"
                        },
                        "meta": {
                            "e2bfb730-ecaa-11e6-8f88-34363bc7c4c0": {
                                "create": 600000000000,
                                "delete": 600000000000,
                                "update": 600000000000
                            },
                            "schema_version": "1"
                        },
                        "tainted": false
                    },
                    "deposed": [],
                    "provider": "provider.aws"
                }
            },
            "depends_on": []
        }
    ]
}
